
Microsoft Visual Studio Solution File, Format Version 12.00
# Visual Studio Version 16
VisualStudioVersion = 16.0.31019.35
MinimumVisualStudioVersion = 10.0.40219.1
Project("{FAE04EC0-301F-11D3-BF4B-00C04F79EFBC}") = "DynamoNet", "DynamoNet\DynamoNet.csproj", "{91CF1812-66E9-42C7-9363-978E5067B5DC}"
EndProject
Project("{E53339B2-1760-4266-BCC7-CA923CBCF16C}") = "docker-compose", "docker-compose.dcproj", "{1A95F868-DBA8-43D0-BBF7-F32E5028065C}"
EndProject
Global
	GlobalSection(SolutionConfigurationPlatforms) = preSolution
		Debug|Any CPU = Debug|Any CPU
		Release|Any CPU = Release|Any CPU
	EndGlobalSection
	GlobalSection(ProjectConfigurationPlatforms) = postSolution
		{91CF1812-66E9-42C7-9363-978E5067B5DC}.Debug|Any CPU.ActiveCfg = Debug|Any CPU
		{91CF1812-66E9-42C7-9363-978E5067B5DC}.Debug|Any CPU.Build.0 = Debug|Any CPU
		{91CF1812-66E9-42C7-9363-978E5067B5DC}.Release|Any CPU.ActiveCfg = Release|Any CPU
		{91CF1812-66E9-42C7-9363-978E5067B5DC}.Release|Any CPU.Build.0 = Release|Any CPU
		{1A95F868-DBA8-43D0-BBF7-F32E5028065C}.Debug|Any CPU.ActiveCfg = Debug|Any CPU
		{1A95F868-DBA8-43D0-BBF7-F32E5028065C}.Debug|Any CPU.Build.0 = Debug|Any CPU
		{1A95F868-DBA8-43D0-BBF7-F32E5028065C}.Release|Any CPU.ActiveCfg = Release|Any CPU
		{1A95F868-DBA8-43D0-BBF7-F32E5028065C}.Release|Any CPU.Build.0 = Release|Any CPU
	EndGlobalSection
	GlobalSection(SolutionProperties) = preSolution
		HideSolutionNode = FALSE
	EndGlobalSection
	GlobalSection(ExtensibilityGlobals) = postSolution
		SolutionGuid = {B3213C2D-0B64-418A-A265-8F5DF4E1471E}
	EndGlobalSection
EndGlobal
